
Microsoft Visual Studio Solution File, Format Version 12.00
# Visual Studio Version 17
VisualStudioVersion = 17.4.33403.182
MinimumVisualStudioVersion = 10.0.40219.1
Project("{FAE04EC0-301F-11D3-BF4B-00C04F79EFBC}") = "UC1", "UC1.csproj", "{73A595CF-0C5A-4ED8-842A-8BD1C9589501}"
EndProject
Global
	GlobalSection(SolutionConfigurationPlatforms) = preSolution
		Debug|Any CPU = Debug|Any CPU
		Release|Any CPU = Release|Any CPU
	EndGlobalSection
	GlobalSection(ProjectConfigurationPlatforms) = postSolution
		{73A595CF-0C5A-4ED8-842A-8BD1C9589501}.Debug|Any CPU.ActiveCfg = Debug|Any CPU
		{73A595CF-0C5A-4ED8-842A-8BD1C9589501}.Debug|Any CPU.Build.0 = Debug|Any CPU
		{73A595CF-0C5A-4ED8-842A-8BD1C9589501}.Release|Any CPU.ActiveCfg = Release|Any CPU
		{73A595CF-0C5A-4ED8-842A-8BD1C9589501}.Release|Any CPU.Build.0 = Release|Any CPU
	EndGlobalSection
	GlobalSection(SolutionProperties) = preSolution
		HideSolutionNode = FALSE
	EndGlobalSection
	GlobalSection(ExtensibilityGlobals) = postSolution
		SolutionGuid = {7CC9C417-2656-4CFE-8B29-9438C3815F90}
	EndGlobalSection
EndGlobal
